// !$*UTF8*$!
{
	archiveVersion = 1;
	classes = {
	};
	objectVersion = 56;
	objects = {

/* Begin PBXBuildFile section */
		F477CBCC29AD70F5008195C3 /* AppDelegate.swift in Sources */ = {isa = PBXBuildFile; fileRef = F477CBCB29AD70F5008195C3 /* AppDelegate.swift */; };
		F477CBCE29AD70F5008195C3 /* SceneDelegate.swift in Sources */ = {isa = PBXBuildFile; fileRef = F477CBCD29AD70F5008195C3 /* SceneDelegate.swift */; };
		F477CBD029AD70F5008195C3 /* ViewController.swift in Sources */ = {isa = PBXBuildFile; fileRef = F477CBCF29AD70F5008195C3 /* ViewController.swift */; };
		F477CBD329AD70F5008195C3 /* Main.storyboard in Resources */ = {isa = PBXBuildFile; fileRef = F477CBD129AD70F5008195C3 /* Main.storyboard */; };
		F477CBD529AD70F6008195C3 /* Assets.xcassets in Resources */ = {isa = PBXBuildFile; fileRef = F477CBD429AD70F6008195C3 /* Assets.xcassets */; };
		F477CBD829AD70F6008195C3 /* LaunchScreen.storyboard in Resources */ = {isa = PBXBuildFile; fileRef = F477CBD629AD70F6008195C3 /* LaunchScreen.storyboard */; };
		F477CBE229AD72CD008195C3 /* Foods.swift in Sources */ = {isa = PBXBuildFile; fileRef = F477CBE129AD72CD008195C3 /* Foods.swift */; };
		F477CBE429AD72FC008195C3 /* MenuController.swift in Sources */ = {isa = PBXBuildFile; fileRef = F477CBE329AD72FC008195C3 /* MenuController.swift */; };
		F477CBE629AD732D008195C3 /* MenuItemView.swift in Sources */ = {isa = PBXBuildFile; fileRef = F477CBE529AD732D008195C3 /* MenuItemView.swift */; };
		F477CBE829AD7357008195C3 /* ContactView.swift in Sources */ = {isa = PBXBuildFile; fileRef = F477CBE729AD7357008195C3 /* ContactView.swift */; };
		F477CBEC29AD738C008195C3 /* ContactController.swift in Sources */ = {isa = PBXBuildFile; fileRef = F477CBEB29AD738C008195C3 /* ContactController.swift */; };
/* End PBXBuildFile section */

/* Begin PBXFileReference section */
		F477CBC829AD70F5008195C3 /* AsianFoodApp.app */ = {isa = PBXFileReference; explicitFileType = wrapper.application; includeInIndex = 0; path = AsianFoodApp.app; sourceTree = BUILT_PRODUCTS_DIR; };
		F477CBCB29AD70F5008195C3 /* AppDelegate.swift */ = {isa = PBXFileReference; lastKnownFileType = sourcecode.swift; path = AppDelegate.swift; sourceTree = "<group>"; };
		F477CBCD29AD70F5008195C3 /* SceneDelegate.swift */ = {isa = PBXFileReference; lastKnownFileType = sourcecode.swift; path = SceneDelegate.swift; sourceTree = "<group>"; };
		F477CBCF29AD70F5008195C3 /* ViewController.swift */ = {isa = PBXFileReference; lastKnownFileType = sourcecode.swift; path = ViewController.swift; sourceTree = "<group>"; };
		F477CBD229AD70F5008195C3 /* Base */ = {isa = PBXFileReference; lastKnownFileType = file.storyboard; name = Base; path = Base.lproj/Main.storyboard; sourceTree = "<group>"; };
		F477CBD429AD70F6008195C3 /* Assets.xcassets */ = {isa = PBXFileReference; lastKnownFileType = folder.assetcatalog; path = Assets.xcassets; sourceTree = "<group>"; };
		F477CBD729AD70F6008195C3 /* Base */ = {isa = PBXFileReference; lastKnownFileType = file.storyboard; name = Base; path = Base.lproj/LaunchScreen.storyboard; sourceTree = "<group>"; };
		F477CBD929AD70F6008195C3 /* Info.plist */ = {isa = PBXFileReference; lastKnownFileType = text.plist.xml; path = Info.plist; sourceTree = "<group>"; };
		F477CBE129AD72CD008195C3 /* Foods.swift */ = {isa = PBXFileReference; lastKnownFileType = sourcecode.swift; path = Foods.swift; sourceTree = "<group>"; };
		F477CBE329AD72FC008195C3 /* MenuController.swift */ = {isa = PBXFileReference; lastKnownFileType = sourcecode.swift; path = MenuController.swift; sourceTree = "<group>"; };
		F477CBE529AD732D008195C3 /* MenuItemView.swift */ = {isa = PBXFileReference; lastKnownFileType = sourcecode.swift; path = MenuItemView.swift; sourceTree = "<group>"; };
		F477CBE729AD7357008195C3 /* ContactView.swift */ = {isa = PBXFileReference; lastKnownFileType = sourcecode.swift; path = ContactView.swift; sourceTree = "<group>"; };
		F477CBEB29AD738C008195C3 /* ContactController.swift */ = {isa = PBXFileReference; lastKnownFileType = sourcecode.swift; path = ContactController.swift; sourceTree = "<group>"; };
		F477CBED29AD7519008195C3 /* README.md */ = {isa = PBXFileReference; lastKnownFileType = net.daringfireball.markdown; path = README.md; sourceTree = "<group>"; };
/* End PBXFileReference section */

/* Begin PBXFrameworksBuildPhase section */
		F477CBC529AD70F5008195C3 /* Frameworks */ = {
			isa = PBXFrameworksBuildPhase;
			buildActionMask = 2147483647;
			files = (
			);
			runOnlyForDeploymentPostprocessing = 0;
		};
/* End PBXFrameworksBuildPhase section */

/* Begin PBXGroup section */
		F477CBBF29AD70F5008195C3 = {
			isa = PBXGroup;
			children = (
				F477CBCA29AD70F5008195C3 /* AsianFoodApp */,
				F477CBC929AD70F5008195C3 /* Products */,
			);
			sourceTree = "<group>";
		};
		F477CBC929AD70F5008195C3 /* Products */ = {
			isa = PBXGroup;
			children = (
				F477CBC829AD70F5008195C3 /* AsianFoodApp.app */,
			);
			name = Products;
			sourceTree = "<group>";
		};
		F477CBCA29AD70F5008195C3 /* AsianFoodApp */ = {
			isa = PBXGroup;
			children = (
				F477CBCB29AD70F5008195C3 /* AppDelegate.swift */,
				F477CBCD29AD70F5008195C3 /* SceneDelegate.swift */,
				F477CBCF29AD70F5008195C3 /* ViewController.swift */,
				F477CBD129AD70F5008195C3 /* Main.storyboard */,
				F477CBD429AD70F6008195C3 /* Assets.xcassets */,
				F477CBD629AD70F6008195C3 /* LaunchScreen.storyboard */,
				F477CBD929AD70F6008195C3 /* Info.plist */,
				F477CBE029AD7173008195C3 /* Contact */,
				F477CBDF29AD7162008195C3 /* Menu */,
				F477CBED29AD7519008195C3 /* README.md */,
			);
			path = AsianFoodApp;
			sourceTree = "<group>";
		};
		F477CBDF29AD7162008195C3 /* Menu */ = {
			isa = PBXGroup;
			children = (
				F477CBE129AD72CD008195C3 /* Foods.swift */,
				F477CBE329AD72FC008195C3 /* MenuController.swift */,
				F477CBE529AD732D008195C3 /* MenuItemView.swift */,
			);
			path = Menu;
			sourceTree = "<group>";
		};
		F477CBE029AD7173008195C3 /* Contact */ = {
			isa = PBXGroup;
			children = (
				F477CBE729AD7357008195C3 /* ContactView.swift */,
				F477CBEB29AD738C008195C3 /* ContactController.swift */,
			);
			path = Contact;
			sourceTree = "<group>";
		};
/* End PBXGroup section */

/* Begin PBXNativeTarget section */
		F477CBC729AD70F5008195C3 /* AsianFoodApp */ = {
			isa = PBXNativeTarget;
			buildConfigurationList = F477CBDC29AD70F6008195C3 /* Build configuration list for PBXNativeTarget "AsianFoodApp" */;
			buildPhases = (
				F477CBC429AD70F5008195C3 /* Sources */,
				F477CBC529AD70F5008195C3 /* Frameworks */,
				F477CBC629AD70F5008195C3 /* Resources */,
			);
			buildRules = (
			);
			dependencies = (
			);
			name = AsianFoodApp;
			productName = AsianFoodApp;
			productReference = F477CBC829AD70F5008195C3 /* AsianFoodApp.app */;
			productType = "com.apple.product-type.application";
		};
/* End PBXNativeTarget section */

/* Begin PBXProject section */
		F477CBC029AD70F5008195C3 /* Project object */ = {
			isa = PBXProject;
			attributes = {
				BuildIndependentTargetsInParallel = 1;
				LastSwiftUpdateCheck = 1420;
				LastUpgradeCheck = 1420;
				TargetAttributes = {
					F477CBC729AD70F5008195C3 = {
						CreatedOnToolsVersion = 14.2;
					};
				};
			};
			buildConfigurationList = F477CBC329AD70F5008195C3 /* Build configuration list for PBXProject "AsianFoodApp" */;
			compatibilityVersion = "Xcode 14.0";
			developmentRegion = en;
			hasScannedForEncodings = 0;
			knownRegions = (
				en,
				Base,
			);
			mainGroup = F477CBBF29AD70F5008195C3;
			productRefGroup = F477CBC929AD70F5008195C3 /* Products */;
			projectDirPath = "";
			projectRoot = "";
			targets = (
				F477CBC729AD70F5008195C3 /* AsianFoodApp */,
			);
		};
/* End PBXProject section */

/* Begin PBXResourcesBuildPhase section */
		F477CBC629AD70F5008195C3 /* Resources */ = {
			isa = PBXResourcesBuildPhase;
			buildActionMask = 2147483647;
			files = (
				F477CBD829AD70F6008195C3 /* LaunchScreen.storyboard in Resources */,
				F477CBD529AD70F6008195C3 /* Assets.xcassets in Resources */,
				F477CBD329AD70F5008195C3 /* Main.storyboard in Resources */,
			);
			runOnlyForDeploymentPostprocessing = 0;
		};
/* End PBXResourcesBuildPhase section */

/* Begin PBXSourcesBuildPhase section */
		F477CBC429AD70F5008195C3 /* Sources */ = {
			isa = PBXSourcesBuildPhase;
			buildActionMask = 2147483647;
			files = (
				F477CBE429AD72FC008195C3 /* MenuController.swift in Sources */,
				F477CBD029AD70F5008195C3 /* ViewController.swift in Sources */,
				F477CBEC29AD738C008195C3 /* ContactController.swift in Sources */,
				F477CBE229AD72CD008195C3 /* Foods.swift in Sources */,
				F477CBCC29AD70F5008195C3 /* AppDelegate.swift in Sources */,
				F477CBE829AD7357008195C3 /* ContactView.swift in Sources */,
				F477CBE629AD732D008195C3 /* MenuItemView.swift in Sources */,
				F477CBCE29AD70F5008195C3 /* SceneDelegate.swift in Sources */,
			);
			runOnlyForDeploymentPostprocessing = 0;
		};
/* End PBXSourcesBuildPhase section */

/* Begin PBXVariantGroup section */
		F477CBD129AD70F5008195C3 /* Main.storyboard */ = {
			isa = PBXVariantGroup;
			children = (
				F477CBD229AD70F5008195C3 /* Base */,
			);
			name = Main.storyboard;
			sourceTree = "<group>";
		};
		F477CBD629AD70F6008195C3 /* LaunchScreen.storyboard */ = {
			isa = PBXVariantGroup;
			children = (
				F477CBD729AD70F6008195C3 /* Base */,
			);
			name = LaunchScreen.storyboard;
			sourceTree = "<group>";
		};
/* End PBXVariantGroup section */

/* Begin XCBuildConfiguration section */
		F477CBDA29AD70F6008195C3 /* Debug */ = {
			isa = XCBuildConfiguration;
			buildSettings = {
				ALWAYS_SEARCH_USER_PATHS = NO;
				CLANG_ANALYZER_NONNULL = YES;
				CLANG_ANALYZER_NUMBER_OBJECT_CONVERSION = YES_AGGRESSIVE;
				CLANG_CXX_LANGUAGE_STANDARD = "gnu++20";
				CLANG_ENABLE_MODULES = YES;
				CLANG_ENABLE_OBJC_ARC = YES;
				CLANG_ENABLE_OBJC_WEAK = YES;
				CLANG_WARN_BLOCK_CAPTURE_AUTORELEASING = YES;
				CLANG_WARN_BOOL_CONVERSION = YES;
				CLANG_WARN_COMMA = YES;
				CLANG_WARN_CONSTANT_CONVERSION = YES;
				CLANG_WARN_DEPRECATED_OBJC_IMPLEMENTATIONS = YES;
				CLANG_WARN_DIRECT_OBJC_ISA_USAGE = YES_ERROR;
				CLANG_WARN_DOCUMENTATION_COMMENTS = YES;
				CLANG_WARN_EMPTY_BODY = YES;
				CLANG_WARN_ENUM_CONVERSION = YES;
				CLANG_WARN_INFINITE_RECURSION = YES;
				CLANG_WARN_INT_CONVERSION = YES;
				CLANG_WARN_NON_LITERAL_NULL_CONVERSION = YES;
				CLANG_WARN_OBJC_IMPLICIT_RETAIN_SELF = YES;
				CLANG_WARN_OBJC_LITERAL_CONVERSION = YES;
				CLANG_WARN_OBJC_ROOT_CLASS = YES_ERROR;
				CLANG_WARN_QUOTED_INCLUDE_IN_FRAMEWORK_HEADER = YES;
				CLANG_WARN_RANGE_LOOP_ANALYSIS = YES;
				CLANG_WARN_STRICT_PROTOTYPES = YES;
				CLANG_WARN_SUSPICIOUS_MOVE = YES;
				CLANG_WARN_UNGUARDED_AVAILABILITY = YES_AGGRESSIVE;
				CLANG_WARN_UNREACHABLE_CODE = YES;
				CLANG_WARN__DUPLICATE_METHOD_MATCH = YES;
				COPY_PHASE_STRIP = NO;
				DEBUG_INFORMATION_FORMAT = dwarf;
				ENABLE_STRICT_OBJC_MSGSEND = YES;
				ENABLE_TESTABILITY = YES;
				GCC_C_LANGUAGE_STANDARD = gnu11;
				GCC_DYNAMIC_NO_PIC = NO;
				GCC_NO_COMMON_BLOCKS = YES;
				GCC_OPTIMIZATION_LEVEL = 0;
				GCC_PREPROCESSOR_DEFINITIONS = (
					"DEBUG=1",
					"$(inherited)",
				);
				GCC_WARN_64_TO_32_BIT_CONVERSION = YES;
				GCC_WARN_ABOUT_RETURN_TYPE = YES_ERROR;
				GCC_WARN_UNDECLARED_SELECTOR = YES;
				GCC_WARN_UNINITIALIZED_AUTOS = YES_AGGRESSIVE;
				GCC_WARN_UNUSED_FUNCTION = YES;
				GCC_WARN_UNUSED_VARIABLE = YES;
				IPHONEOS_DEPLOYMENT_TARGET = 16.2;
				MTL_ENABLE_DEBUG_INFO = INCLUDE_SOURCE;
				MTL_FAST_MATH = YES;
				ONLY_ACTIVE_ARCH = YES;
				SDKROOT = iphoneos;
				SWIFT_ACTIVE_COMPILATION_CONDITIONS = DEBUG;
				SWIFT_OPTIMIZATION_LEVEL = "-Onone";
			};
			name = Debug;
		};
		F477CBDB29AD70F6008195C3 /* Release */ = {
			isa = XCBuildConfiguration;
			buildSettings = {
				ALWAYS_SEARCH_USER_PATHS = NO;
				CLANG_ANALYZER_NONNULL = YES;
				CLANG_ANALYZER_NUMBER_OBJECT_CONVERSION = YES_AGGRESSIVE;
				CLANG_CXX_LANGUAGE_STANDARD = "gnu++20";
				CLANG_ENABLE_MODULES = YES;
				CLANG_ENABLE_OBJC_ARC = YES;
				CLANG_ENABLE_OBJC_WEAK = YES;
				CLANG_WARN_BLOCK_CAPTURE_AUTORELEASING = YES;
				CLANG_WARN_BOOL_CONVERSION = YES;
				CLANG_WARN_COMMA = YES;
				CLANG_WARN_CONSTANT_CONVERSION = YES;
				CLANG_WARN_DEPRECATED_OBJC_IMPLEMENTATIONS = YES;
				CLANG_WARN_DIRECT_OBJC_ISA_USAGE = YES_ERROR;
				CLANG_WARN_DOCUMENTATION_COMMENTS = YES;
				CLANG_WARN_EMPTY_BODY = YES;
				CLANG_WARN_ENUM_CONVERSION = YES;
				CLANG_WARN_INFINITE_RECURSION = YES;
				CLANG_WARN_INT_CONVERSION = YES;
				CLANG_WARN_NON_LITERAL_NULL_CONVERSION = YES;
				CLANG_WARN_OBJC_IMPLICIT_RETAIN_SELF = YES;
				CLANG_WARN_OBJC_LITERAL_CONVERSION = YES;
				CLANG_WARN_OBJC_ROOT_CLASS = YES_ERROR;
				CLANG_WARN_QUOTED_INCLUDE_IN_FRAMEWORK_HEADER = YES;
				CLANG_WARN_RANGE_LOOP_ANALYSIS = YES;
				CLANG_WARN_STRICT_PROTOTYPES = YES;
				CLANG_WARN_SUSPICIOUS_MOVE = YES;
				CLANG_WARN_UNGUARDED_AVAILABILITY = YES_AGGRESSIVE;
				CLANG_WARN_UNREACHABLE_CODE = YES;
				CLANG_WARN__DUPLICATE_METHOD_MATCH = YES;
				COPY_PHASE_STRIP = NO;
				DEBUG_INFORMATION_FORMAT = "dwarf-with-dsym";
				ENABLE_NS_ASSERTIONS = NO;
				ENABLE_STRICT_OBJC_MSGSEND = YES;
				GCC_C_LANGUAGE_STANDARD = gnu11;
				GCC_NO_COMMON_BLOCKS = YES;
				GCC_WARN_64_TO_32_BIT_CONVERSION = YES;
				GCC_WARN_ABOUT_RETURN_TYPE = YES_ERROR;
				GCC_WARN_UNDECLARED_SELECTOR = YES;
				GCC_WARN_UNINITIALIZED_AUTOS = YES_AGGRESSIVE;
				GCC_WARN_UNUSED_FUNCTION = YES;
				GCC_WARN_UNUSED_VARIABLE = YES;
				IPHONEOS_DEPLOYMENT_TARGET = 16.2;
				MTL_ENABLE_DEBUG_INFO = NO;
				MTL_FAST_MATH = YES;
				SDKROOT = iphoneos;
				SWIFT_COMPILATION_MODE = wholemodule;
				SWIFT_OPTIMIZATION_LEVEL = "-O";
				VALIDATE_PRODUCT = YES;
			};
			name = Release;
		};
		F477CBDD29AD70F6008195C3 /* Debug */ = {
			isa = XCBuildConfiguration;
			buildSettings = {
				ASSETCATALOG_COMPILER_APPICON_NAME = AppIcon;
				ASSETCATALOG_COMPILER_GLOBAL_ACCENT_COLOR_NAME = AccentColor;
				CODE_SIGN_STYLE = Automatic;
				CURRENT_PROJECT_VERSION = 1;
				DEVELOPMENT_TEAM = 56AB9A2723;
				GENERATE_INFOPLIST_FILE = YES;
				INFOPLIST_FILE = AsianFoodApp/Info.plist;
				INFOPLIST_KEY_UIApplicationSupportsIndirectInputEvents = YES;
				INFOPLIST_KEY_UILaunchStoryboardName = LaunchScreen;
				INFOPLIST_KEY_UIMainStoryboardFile = Main;
				INFOPLIST_KEY_UISupportedInterfaceOrientations_iPad = "UIInterfaceOrientationPortrait UIInterfaceOrientationPortraitUpsideDown UIInterfaceOrientationLandscapeLeft UIInterfaceOrientationLandscapeRight";
				INFOPLIST_KEY_UISupportedInterfaceOrientations_iPhone = "UIInterfaceOrientationPortrait UIInterfaceOrientationLandscapeLeft UIInterfaceOrientationLandscapeRight";
				LD_RUNPATH_SEARCH_PATHS = (
					"$(inherited)",
					"@executable_path/Frameworks",
				);
				MARKETING_VERSION = 1.0;
				PRODUCT_BUNDLE_IDENTIFIER = com.MyXcodeProjects.AsianFoodApp;
				PRODUCT_NAME = "$(TARGET_NAME)";
				SWIFT_EMIT_LOC_STRINGS = YES;
				SWIFT_VERSION = 5.0;
				TARGETED_DEVICE_FAMILY = "1,2";
			};
			name = Debug;
		};
		F477CBDE29AD70F6008195C3 /* Release */ = {
			isa = XCBuildConfiguration;
			buildSettings = {
				ASSETCATALOG_COMPILER_APPICON_NAME = AppIcon;
				ASSETCATALOG_COMPILER_GLOBAL_ACCENT_COLOR_NAME = AccentColor;
				CODE_SIGN_STYLE = Automatic;
				CURRENT_PROJECT_VERSION = 1;
				DEVELOPMENT_TEAM = 56AB9A2723;
				GENERATE_INFOPLIST_FILE = YES;
				INFOPLIST_FILE = AsianFoodApp/Info.plist;
				INFOPLIST_KEY_UIApplicationSupportsIndirectInputEvents = YES;
				INFOPLIST_KEY_UILaunchStoryboardName = LaunchScreen;
				INFOPLIST_KEY_UIMainStoryboardFile = Main;
				INFOPLIST_KEY_UISupportedInterfaceOrientations_iPad = "UIInterfaceOrientationPortrait UIInterfaceOrientationPortraitUpsideDown UIInterfaceOrientationLandscapeLeft UIInterfaceOrientationLandscapeRight";
				INFOPLIST_KEY_UISupportedInterfaceOrientations_iPhone = "UIInterfaceOrientationPortrait UIInterfaceOrientationLandscapeLeft UIInterfaceOrientationLandscapeRight";
				LD_RUNPATH_SEARCH_PATHS = (
					"$(inherited)",
					"@executable_path/Frameworks",
				);
				MARKETING_VERSION = 1.0;
				PRODUCT_BUNDLE_IDENTIFIER = com.MyXcodeProjects.AsianFoodApp;
				PRODUCT_NAME = "$(TARGET_NAME)";
				SWIFT_EMIT_LOC_STRINGS = YES;
				SWIFT_VERSION = 5.0;
				TARGETED_DEVICE_FAMILY = "1,2";
			};
			name = Release;
		};
/* End XCBuildConfiguration section */

/* Begin XCConfigurationList section */
		F477CBC329AD70F5008195C3 /* Build configuration list for PBXProject "AsianFoodApp" */ = {
			isa = XCConfigurationList;
			buildConfigurations = (
				F477CBDA29AD70F6008195C3 /* Debug */,
				F477CBDB29AD70F6008195C3 /* Release */,
			);
			defaultConfigurationIsVisible = 0;
			defaultConfigurationName = Release;
		};
		F477CBDC29AD70F6008195C3 /* Build configuration list for PBXNativeTarget "AsianFoodApp" */ = {
			isa = XCConfigurationList;
			buildConfigurations = (
				F477CBDD29AD70F6008195C3 /* Debug */,
				F477CBDE29AD70F6008195C3 /* Release */,
			);
			defaultConfigurationIsVisible = 0;
			defaultConfigurationName = Release;
		};
/* End XCConfigurationList section */
	};
	rootObject = F477CBC029AD70F5008195C3 /* Project object */;
}
